// !$*UTF8*$!
{
	archiveVersion = 1;
	classes = {
	};
	objectVersion = 48;
	objects = {

/* Begin PBXBuildFile section */
		58E1BFB92064FD9000E1118E /* AppDelegate.swift in Sources */ = {isa = PBXBuildFile; fileRef = 58E1BFB82064FD9000E1118E /* AppDelegate.swift */; };
		58E1BFBB2064FD9000E1118E /* ViewController.swift in Sources */ = {isa = PBXBuildFile; fileRef = 58E1BFBA2064FD9000E1118E /* ViewController.swift */; };
		58E1BFBE2064FD9000E1118E /* Main.storyboard in Resources */ = {isa = PBXBuildFile; fileRef = 58E1BFBC2064FD9000E1118E /* Main.storyboard */; };
		58E1BFC02064FD9000E1118E /* Assets.xcassets in Resources */ = {isa = PBXBuildFile; fileRef = 58E1BFBF2064FD9000E1118E /* Assets.xcassets */; };
		58E1BFC32064FD9000E1118E /* LaunchScreen.storyboard in Resources */ = {isa = PBXBuildFile; fileRef = 58E1BFC12064FD9000E1118E /* LaunchScreen.storyboard */; };
		58E1BFCE2064FD9000E1118E /* LocstagramTests.swift in Sources */ = {isa = PBXBuildFile; fileRef = 58E1BFCD2064FD9000E1118E /* LocstagramTests.swift */; };
		58E1BFD92064FD9000E1118E /* LocstagramUITests.swift in Sources */ = {isa = PBXBuildFile; fileRef = 58E1BFD82064FD9000E1118E /* LocstagramUITests.swift */; };
		58E1BFE82064FEA500E1118E /* WebKit.framework in Frameworks */ = {isa = PBXBuildFile; fileRef = 58E1BFE72064FEA500E1118E /* WebKit.framework */; };
		58E1BFEA2064FED100E1118E /* AuthenticationWebViewController.swift in Sources */ = {isa = PBXBuildFile; fileRef = 58E1BFE92064FED100E1118E /* AuthenticationWebViewController.swift */; };
		58EC482C2065065C00943F55 /* KeychainAccess.framework in Frameworks */ = {isa = PBXBuildFile; fileRef = 58EC482B2065065C00943F55 /* KeychainAccess.framework */; };
		58EC482F206511F800943F55 /* IGAuthResponse.swift in Sources */ = {isa = PBXBuildFile; fileRef = 58EC482E206511F800943F55 /* IGAuthResponse.swift */; };
		58EC48312065159C00943F55 /* Configuration.swift in Sources */ = {isa = PBXBuildFile; fileRef = 58EC48302065159C00943F55 /* Configuration.swift */; };
		58EC483320651E6800943F55 /* IGUser.swift in Sources */ = {isa = PBXBuildFile; fileRef = 58EC483220651E6800943F55 /* IGUser.swift */; };
		58EC483520651EF600943F55 /* IG.swift in Sources */ = {isa = PBXBuildFile; fileRef = 58EC483420651EF600943F55 /* IG.swift */; };
/* End PBXBuildFile section */

/* Begin PBXContainerItemProxy section */
		58E1BFCA2064FD9000E1118E /* PBXContainerItemProxy */ = {
			isa = PBXContainerItemProxy;
			containerPortal = 58E1BFAD2064FD9000E1118E /* Project object */;
			proxyType = 1;
			remoteGlobalIDString = 58E1BFB42064FD9000E1118E;
			remoteInfo = Locstagram;
		};
		58E1BFD52064FD9000E1118E /* PBXContainerItemProxy */ = {
			isa = PBXContainerItemProxy;
			containerPortal = 58E1BFAD2064FD9000E1118E /* Project object */;
			proxyType = 1;
			remoteGlobalIDString = 58E1BFB42064FD9000E1118E;
			remoteInfo = Locstagram;
		};
/* End PBXContainerItemProxy section */

/* Begin PBXFileReference section */
		58E1BFB52064FD9000E1118E /* Locstagram.app */ = {isa = PBXFileReference; explicitFileType = wrapper.application; includeInIndex = 0; path = Locstagram.app; sourceTree = BUILT_PRODUCTS_DIR; };
		58E1BFB82064FD9000E1118E /* AppDelegate.swift */ = {isa = PBXFileReference; lastKnownFileType = sourcecode.swift; path = AppDelegate.swift; sourceTree = "<group>"; };
		58E1BFBA2064FD9000E1118E /* ViewController.swift */ = {isa = PBXFileReference; lastKnownFileType = sourcecode.swift; path = ViewController.swift; sourceTree = "<group>"; };
		58E1BFBD2064FD9000E1118E /* Base */ = {isa = PBXFileReference; lastKnownFileType = file.storyboard; name = Base; path = Base.lproj/Main.storyboard; sourceTree = "<group>"; };
		58E1BFBF2064FD9000E1118E /* Assets.xcassets */ = {isa = PBXFileReference; lastKnownFileType = folder.assetcatalog; path = Assets.xcassets; sourceTree = "<group>"; };
		58E1BFC22064FD9000E1118E /* Base */ = {isa = PBXFileReference; lastKnownFileType = file.storyboard; name = Base; path = Base.lproj/LaunchScreen.storyboard; sourceTree = "<group>"; };
		58E1BFC42064FD9000E1118E /* Info.plist */ = {isa = PBXFileReference; lastKnownFileType = text.plist.xml; path = Info.plist; sourceTree = "<group>"; };
		58E1BFC92064FD9000E1118E /* LocstagramTests.xctest */ = {isa = PBXFileReference; explicitFileType = wrapper.cfbundle; includeInIndex = 0; path = LocstagramTests.xctest; sourceTree = BUILT_PRODUCTS_DIR; };
		58E1BFCD2064FD9000E1118E /* LocstagramTests.swift */ = {isa = PBXFileReference; lastKnownFileType = sourcecode.swift; path = LocstagramTests.swift; sourceTree = "<group>"; };
		58E1BFCF2064FD9000E1118E /* Info.plist */ = {isa = PBXFileReference; lastKnownFileType = text.plist.xml; path = Info.plist; sourceTree = "<group>"; };
		58E1BFD42064FD9000E1118E /* LocstagramUITests.xctest */ = {isa = PBXFileReference; explicitFileType = wrapper.cfbundle; includeInIndex = 0; path = LocstagramUITests.xctest; sourceTree = BUILT_PRODUCTS_DIR; };
		58E1BFD82064FD9000E1118E /* LocstagramUITests.swift */ = {isa = PBXFileReference; lastKnownFileType = sourcecode.swift; path = LocstagramUITests.swift; sourceTree = "<group>"; };
		58E1BFDA2064FD9000E1118E /* Info.plist */ = {isa = PBXFileReference; lastKnownFileType = text.plist.xml; path = Info.plist; sourceTree = "<group>"; };
		58E1BFE72064FEA500E1118E /* WebKit.framework */ = {isa = PBXFileReference; lastKnownFileType = wrapper.framework; name = WebKit.framework; path = System/Library/Frameworks/WebKit.framework; sourceTree = SDKROOT; };
		58E1BFE92064FED100E1118E /* AuthenticationWebViewController.swift */ = {isa = PBXFileReference; lastKnownFileType = sourcecode.swift; path = AuthenticationWebViewController.swift; sourceTree = "<group>"; };
		58EC482B2065065C00943F55 /* KeychainAccess.framework */ = {isa = PBXFileReference; lastKnownFileType = wrapper.framework; name = KeychainAccess.framework; path = Carthage/Build/iOS/KeychainAccess.framework; sourceTree = "<group>"; };
		58EC482E206511F800943F55 /* IGAuthResponse.swift */ = {isa = PBXFileReference; lastKnownFileType = sourcecode.swift; path = IGAuthResponse.swift; sourceTree = "<group>"; };
		58EC48302065159C00943F55 /* Configuration.swift */ = {isa = PBXFileReference; lastKnownFileType = sourcecode.swift; path = Configuration.swift; sourceTree = "<group>"; };
		58EC483220651E6800943F55 /* IGUser.swift */ = {isa = PBXFileReference; lastKnownFileType = sourcecode.swift; path = IGUser.swift; sourceTree = "<group>"; };
		58EC483420651EF600943F55 /* IG.swift */ = {isa = PBXFileReference; lastKnownFileType = sourcecode.swift; path = IG.swift; sourceTree = "<group>"; };
/* End PBXFileReference section */

/* Begin PBXFrameworksBuildPhase section */
		58E1BFB22064FD9000E1118E /* Frameworks */ = {
			isa = PBXFrameworksBuildPhase;
			buildActionMask = 2147483647;
			files = (
				58EC482C2065065C00943F55 /* KeychainAccess.framework in Frameworks */,
				58E1BFE82064FEA500E1118E /* WebKit.framework in Frameworks */,
			);
			runOnlyForDeploymentPostprocessing = 0;
		};
		58E1BFC62064FD9000E1118E /* Frameworks */ = {
			isa = PBXFrameworksBuildPhase;
			buildActionMask = 2147483647;
			files = (
			);
			runOnlyForDeploymentPostprocessing = 0;
		};
		58E1BFD12064FD9000E1118E /* Frameworks */ = {
			isa = PBXFrameworksBuildPhase;
			buildActionMask = 2147483647;
			files = (
			);
			runOnlyForDeploymentPostprocessing = 0;
		};
/* End PBXFrameworksBuildPhase section */

/* Begin PBXGroup section */
		58E1BFAC2064FD9000E1118E = {
			isa = PBXGroup;
			children = (
				58E1BFB72064FD9000E1118E /* Locstagram */,
				58E1BFCC2064FD9000E1118E /* LocstagramTests */,
				58E1BFD72064FD9000E1118E /* LocstagramUITests */,
				58E1BFB62064FD9000E1118E /* Products */,
				58E1BFE62064FEA500E1118E /* Frameworks */,
			);
			sourceTree = "<group>";
		};
		58E1BFB62064FD9000E1118E /* Products */ = {
			isa = PBXGroup;
			children = (
				58E1BFB52064FD9000E1118E /* Locstagram.app */,
				58E1BFC92064FD9000E1118E /* LocstagramTests.xctest */,
				58E1BFD42064FD9000E1118E /* LocstagramUITests.xctest */,
			);
			name = Products;
			sourceTree = "<group>";
		};
		58E1BFB72064FD9000E1118E /* Locstagram */ = {
			isa = PBXGroup;
			children = (
				58E1BFB82064FD9000E1118E /* AppDelegate.swift */,
				58E1BFBA2064FD9000E1118E /* ViewController.swift */,
				58E1BFE92064FED100E1118E /* AuthenticationWebViewController.swift */,
				58EC48302065159C00943F55 /* Configuration.swift */,
				58EC48362065207E00943F55 /* IG */,
				58E1BFBC2064FD9000E1118E /* Main.storyboard */,
				58E1BFBF2064FD9000E1118E /* Assets.xcassets */,
				58E1BFC12064FD9000E1118E /* LaunchScreen.storyboard */,
				58E1BFC42064FD9000E1118E /* Info.plist */,
			);
			path = Locstagram;
			sourceTree = "<group>";
		};
		58E1BFCC2064FD9000E1118E /* LocstagramTests */ = {
			isa = PBXGroup;
			children = (
				58E1BFCD2064FD9000E1118E /* LocstagramTests.swift */,
				58E1BFCF2064FD9000E1118E /* Info.plist */,
			);
			path = LocstagramTests;
			sourceTree = "<group>";
		};
		58E1BFD72064FD9000E1118E /* LocstagramUITests */ = {
			isa = PBXGroup;
			children = (
				58E1BFD82064FD9000E1118E /* LocstagramUITests.swift */,
				58E1BFDA2064FD9000E1118E /* Info.plist */,
			);
			path = LocstagramUITests;
			sourceTree = "<group>";
		};
		58E1BFE62064FEA500E1118E /* Frameworks */ = {
			isa = PBXGroup;
			children = (
				58EC482B2065065C00943F55 /* KeychainAccess.framework */,
				58E1BFE72064FEA500E1118E /* WebKit.framework */,
			);
			name = Frameworks;
			sourceTree = "<group>";
		};
		58EC48362065207E00943F55 /* IG */ = {
			isa = PBXGroup;
			children = (
				58EC482E206511F800943F55 /* IGAuthResponse.swift */,
				58EC483220651E6800943F55 /* IGUser.swift */,
				58EC483420651EF600943F55 /* IG.swift */,
			);
			path = IG;
			sourceTree = "<group>";
		};
/* End PBXGroup section */

/* Begin PBXNativeTarget section */
		58E1BFB42064FD9000E1118E /* Locstagram */ = {
			isa = PBXNativeTarget;
			buildConfigurationList = 58E1BFDD2064FD9000E1118E /* Build configuration list for PBXNativeTarget "Locstagram" */;
			buildPhases = (
				58E1BFB12064FD9000E1118E /* Sources */,
				58E1BFB22064FD9000E1118E /* Frameworks */,
				58E1BFB32064FD9000E1118E /* Resources */,
				58EC482D2065068200943F55 /* ShellScript */,
			);
			buildRules = (
			);
			dependencies = (
			);
			name = Locstagram;
			productName = Locstagram;
			productReference = 58E1BFB52064FD9000E1118E /* Locstagram.app */;
			productType = "com.apple.product-type.application";
		};
		58E1BFC82064FD9000E1118E /* LocstagramTests */ = {
			isa = PBXNativeTarget;
			buildConfigurationList = 58E1BFE02064FD9000E1118E /* Build configuration list for PBXNativeTarget "LocstagramTests" */;
			buildPhases = (
				58E1BFC52064FD9000E1118E /* Sources */,
				58E1BFC62064FD9000E1118E /* Frameworks */,
				58E1BFC72064FD9000E1118E /* Resources */,
			);
			buildRules = (
			);
			dependencies = (
				58E1BFCB2064FD9000E1118E /* PBXTargetDependency */,
			);
			name = LocstagramTests;
			productName = LocstagramTests;
			productReference = 58E1BFC92064FD9000E1118E /* LocstagramTests.xctest */;
			productType = "com.apple.product-type.bundle.unit-test";
		};
		58E1BFD32064FD9000E1118E /* LocstagramUITests */ = {
			isa = PBXNativeTarget;
			buildConfigurationList = 58E1BFE32064FD9000E1118E /* Build configuration list for PBXNativeTarget "LocstagramUITests" */;
			buildPhases = (
				58E1BFD02064FD9000E1118E /* Sources */,
				58E1BFD12064FD9000E1118E /* Frameworks */,
				58E1BFD22064FD9000E1118E /* Resources */,
			);
			buildRules = (
			);
			dependencies = (
				58E1BFD62064FD9000E1118E /* PBXTargetDependency */,
			);
			name = LocstagramUITests;
			productName = LocstagramUITests;
			productReference = 58E1BFD42064FD9000E1118E /* LocstagramUITests.xctest */;
			productType = "com.apple.product-type.bundle.ui-testing";
		};
/* End PBXNativeTarget section */

/* Begin PBXProject section */
		58E1BFAD2064FD9000E1118E /* Project object */ = {
			isa = PBXProject;
			attributes = {
				LastSwiftUpdateCheck = 0920;
				LastUpgradeCheck = 0920;
				ORGANIZATIONNAME = "Yusuke Ohashi";
				TargetAttributes = {
					58E1BFB42064FD9000E1118E = {
						CreatedOnToolsVersion = 9.2;
						ProvisioningStyle = Automatic;
					};
					58E1BFC82064FD9000E1118E = {
						CreatedOnToolsVersion = 9.2;
						ProvisioningStyle = Automatic;
						TestTargetID = 58E1BFB42064FD9000E1118E;
					};
					58E1BFD32064FD9000E1118E = {
						CreatedOnToolsVersion = 9.2;
						ProvisioningStyle = Automatic;
						TestTargetID = 58E1BFB42064FD9000E1118E;
					};
				};
			};
			buildConfigurationList = 58E1BFB02064FD9000E1118E /* Build configuration list for PBXProject "Locstagram" */;
			compatibilityVersion = "Xcode 8.0";
			developmentRegion = en;
			hasScannedForEncodings = 0;
			knownRegions = (
				en,
				Base,
			);
			mainGroup = 58E1BFAC2064FD9000E1118E;
			productRefGroup = 58E1BFB62064FD9000E1118E /* Products */;
			projectDirPath = "";
			projectRoot = "";
			targets = (
				58E1BFB42064FD9000E1118E /* Locstagram */,
				58E1BFC82064FD9000E1118E /* LocstagramTests */,
				58E1BFD32064FD9000E1118E /* LocstagramUITests */,
			);
		};
/* End PBXProject section */

/* Begin PBXResourcesBuildPhase section */
		58E1BFB32064FD9000E1118E /* Resources */ = {
			isa = PBXResourcesBuildPhase;
			buildActionMask = 2147483647;
			files = (
				58E1BFC32064FD9000E1118E /* LaunchScreen.storyboard in Resources */,
				58E1BFC02064FD9000E1118E /* Assets.xcassets in Resources */,
				58E1BFBE2064FD9000E1118E /* Main.storyboard in Resources */,
			);
			runOnlyForDeploymentPostprocessing = 0;
		};
		58E1BFC72064FD9000E1118E /* Resources */ = {
			isa = PBXResourcesBuildPhase;
			buildActionMask = 2147483647;
			files = (
			);
			runOnlyForDeploymentPostprocessing = 0;
		};
		58E1BFD22064FD9000E1118E /* Resources */ = {
			isa = PBXResourcesBuildPhase;
			buildActionMask = 2147483647;
			files = (
			);
			runOnlyForDeploymentPostprocessing = 0;
		};
/* End PBXResourcesBuildPhase section */

/* Begin PBXShellScriptBuildPhase section */
		58EC482D2065068200943F55 /* ShellScript */ = {
			isa = PBXShellScriptBuildPhase;
			buildActionMask = 2147483647;
			files = (
			);
			inputPaths = (
				"$(SRCROOT)/Carthage/Build/iOS/KeychainAccess.framework",
			);
			outputPaths = (
				"$(BUILT_PRODUCTS_DIR)/$(FRAMEWORKS_FOLDER_PATH)/KeychainAccess.framework",
			);
			runOnlyForDeploymentPostprocessing = 0;
			shellPath = /bin/sh;
			shellScript = "carthage copy-frameworks\nswiftlint autocorrect";
		};
/* End PBXShellScriptBuildPhase section */

/* Begin PBXSourcesBuildPhase section */
		58E1BFB12064FD9000E1118E /* Sources */ = {
			isa = PBXSourcesBuildPhase;
			buildActionMask = 2147483647;
			files = (
				58EC483520651EF600943F55 /* IG.swift in Sources */,
				58EC482F206511F800943F55 /* IGAuthResponse.swift in Sources */,
				58EC48312065159C00943F55 /* Configuration.swift in Sources */,
				58EC483320651E6800943F55 /* IGUser.swift in Sources */,
				58E1BFBB2064FD9000E1118E /* ViewController.swift in Sources */,
				58E1BFEA2064FED100E1118E /* AuthenticationWebViewController.swift in Sources */,
				58E1BFB92064FD9000E1118E /* AppDelegate.swift in Sources */,
			);
			runOnlyForDeploymentPostprocessing = 0;
		};
		58E1BFC52064FD9000E1118E /* Sources */ = {
			isa = PBXSourcesBuildPhase;
			buildActionMask = 2147483647;
			files = (
				58E1BFCE2064FD9000E1118E /* LocstagramTests.swift in Sources */,
			);
			runOnlyForDeploymentPostprocessing = 0;
		};
		58E1BFD02064FD9000E1118E /* Sources */ = {
			isa = PBXSourcesBuildPhase;
			buildActionMask = 2147483647;
			files = (
				58E1BFD92064FD9000E1118E /* LocstagramUITests.swift in Sources */,
			);
			runOnlyForDeploymentPostprocessing = 0;
		};
/* End PBXSourcesBuildPhase section */

/* Begin PBXTargetDependency section */
		58E1BFCB2064FD9000E1118E /* PBXTargetDependency */ = {
			isa = PBXTargetDependency;
			target = 58E1BFB42064FD9000E1118E /* Locstagram */;
			targetProxy = 58E1BFCA2064FD9000E1118E /* PBXContainerItemProxy */;
		};
		58E1BFD62064FD9000E1118E /* PBXTargetDependency */ = {
			isa = PBXTargetDependency;
			target = 58E1BFB42064FD9000E1118E /* Locstagram */;
			targetProxy = 58E1BFD52064FD9000E1118E /* PBXContainerItemProxy */;
		};
/* End PBXTargetDependency section */

/* Begin PBXVariantGroup section */
		58E1BFBC2064FD9000E1118E /* Main.storyboard */ = {
			isa = PBXVariantGroup;
			children = (
				58E1BFBD2064FD9000E1118E /* Base */,
			);
			name = Main.storyboard;
			sourceTree = "<group>";
		};
		58E1BFC12064FD9000E1118E /* LaunchScreen.storyboard */ = {
			isa = PBXVariantGroup;
			children = (
				58E1BFC22064FD9000E1118E /* Base */,
			);
			name = LaunchScreen.storyboard;
			sourceTree = "<group>";
		};
/* End PBXVariantGroup section */

/* Begin XCBuildConfiguration section */
		58E1BFDB2064FD9000E1118E /* Debug */ = {
			isa = XCBuildConfiguration;
			buildSettings = {
				ALWAYS_SEARCH_USER_PATHS = NO;
				CLANG_ANALYZER_NONNULL = YES;
				CLANG_ANALYZER_NUMBER_OBJECT_CONVERSION = YES_AGGRESSIVE;
				CLANG_CXX_LANGUAGE_STANDARD = "gnu++14";
				CLANG_CXX_LIBRARY = "libc++";
				CLANG_ENABLE_MODULES = YES;
				CLANG_ENABLE_OBJC_ARC = YES;
				CLANG_WARN_BLOCK_CAPTURE_AUTORELEASING = YES;
				CLANG_WARN_BOOL_CONVERSION = YES;
				CLANG_WARN_COMMA = YES;
				CLANG_WARN_CONSTANT_CONVERSION = YES;
				CLANG_WARN_DIRECT_OBJC_ISA_USAGE = YES_ERROR;
				CLANG_WARN_DOCUMENTATION_COMMENTS = YES;
				CLANG_WARN_EMPTY_BODY = YES;
				CLANG_WARN_ENUM_CONVERSION = YES;
				CLANG_WARN_INFINITE_RECURSION = YES;
				CLANG_WARN_INT_CONVERSION = YES;
				CLANG_WARN_NON_LITERAL_NULL_CONVERSION = YES;
				CLANG_WARN_OBJC_LITERAL_CONVERSION = YES;
				CLANG_WARN_OBJC_ROOT_CLASS = YES_ERROR;
				CLANG_WARN_RANGE_LOOP_ANALYSIS = YES;
				CLANG_WARN_STRICT_PROTOTYPES = YES;
				CLANG_WARN_SUSPICIOUS_MOVE = YES;
				CLANG_WARN_UNGUARDED_AVAILABILITY = YES_AGGRESSIVE;
				CLANG_WARN_UNREACHABLE_CODE = YES;
				CLANG_WARN__DUPLICATE_METHOD_MATCH = YES;
				CODE_SIGN_IDENTITY = "iPhone Developer";
				COPY_PHASE_STRIP = NO;
				DEBUG_INFORMATION_FORMAT = dwarf;
				ENABLE_STRICT_OBJC_MSGSEND = YES;
				ENABLE_TESTABILITY = YES;
				GCC_C_LANGUAGE_STANDARD = gnu11;
				GCC_DYNAMIC_NO_PIC = NO;
				GCC_NO_COMMON_BLOCKS = YES;
				GCC_OPTIMIZATION_LEVEL = 0;
				GCC_PREPROCESSOR_DEFINITIONS = (
					"DEBUG=1",
					"$(inherited)",
				);
				GCC_WARN_64_TO_32_BIT_CONVERSION = YES;
				GCC_WARN_ABOUT_RETURN_TYPE = YES_ERROR;
				GCC_WARN_UNDECLARED_SELECTOR = YES;
				GCC_WARN_UNINITIALIZED_AUTOS = YES_AGGRESSIVE;
				GCC_WARN_UNUSED_FUNCTION = YES;
				GCC_WARN_UNUSED_VARIABLE = YES;
				IPHONEOS_DEPLOYMENT_TARGET = 11.2;
				MTL_ENABLE_DEBUG_INFO = YES;
				ONLY_ACTIVE_ARCH = YES;
				SDKROOT = iphoneos;
				SWIFT_ACTIVE_COMPILATION_CONDITIONS = DEBUG;
				SWIFT_OPTIMIZATION_LEVEL = "-Onone";
			};
			name = Debug;
		};
		58E1BFDC2064FD9000E1118E /* Release */ = {
			isa = XCBuildConfiguration;
			buildSettings = {
				ALWAYS_SEARCH_USER_PATHS = NO;
				CLANG_ANALYZER_NONNULL = YES;
				CLANG_ANALYZER_NUMBER_OBJECT_CONVERSION = YES_AGGRESSIVE;
				CLANG_CXX_LANGUAGE_STANDARD = "gnu++14";
				CLANG_CXX_LIBRARY = "libc++";
				CLANG_ENABLE_MODULES = YES;
				CLANG_ENABLE_OBJC_ARC = YES;
				CLANG_WARN_BLOCK_CAPTURE_AUTORELEASING = YES;
				CLANG_WARN_BOOL_CONVERSION = YES;
				CLANG_WARN_COMMA = YES;
				CLANG_WARN_CONSTANT_CONVERSION = YES;
				CLANG_WARN_DIRECT_OBJC_ISA_USAGE = YES_ERROR;
				CLANG_WARN_DOCUMENTATION_COMMENTS = YES;
				CLANG_WARN_EMPTY_BODY = YES;
				CLANG_WARN_ENUM_CONVERSION = YES;
				CLANG_WARN_INFINITE_RECURSION = YES;
				CLANG_WARN_INT_CONVERSION = YES;
				CLANG_WARN_NON_LITERAL_NULL_CONVERSION = YES;
				CLANG_WARN_OBJC_LITERAL_CONVERSION = YES;
				CLANG_WARN_OBJC_ROOT_CLASS = YES_ERROR;
				CLANG_WARN_RANGE_LOOP_ANALYSIS = YES;
				CLANG_WARN_STRICT_PROTOTYPES = YES;
				CLANG_WARN_SUSPICIOUS_MOVE = YES;
				CLANG_WARN_UNGUARDED_AVAILABILITY = YES_AGGRESSIVE;
				CLANG_WARN_UNREACHABLE_CODE = YES;
				CLANG_WARN__DUPLICATE_METHOD_MATCH = YES;
				CODE_SIGN_IDENTITY = "iPhone Developer";
				COPY_PHASE_STRIP = NO;
				DEBUG_INFORMATION_FORMAT = "dwarf-with-dsym";
				ENABLE_NS_ASSERTIONS = NO;
				ENABLE_STRICT_OBJC_MSGSEND = YES;
				GCC_C_LANGUAGE_STANDARD = gnu11;
				GCC_NO_COMMON_BLOCKS = YES;
				GCC_WARN_64_TO_32_BIT_CONVERSION = YES;
				GCC_WARN_ABOUT_RETURN_TYPE = YES_ERROR;
				GCC_WARN_UNDECLARED_SELECTOR = YES;
				GCC_WARN_UNINITIALIZED_AUTOS = YES_AGGRESSIVE;
				GCC_WARN_UNUSED_FUNCTION = YES;
				GCC_WARN_UNUSED_VARIABLE = YES;
				IPHONEOS_DEPLOYMENT_TARGET = 11.2;
				MTL_ENABLE_DEBUG_INFO = NO;
				SDKROOT = iphoneos;
				SWIFT_OPTIMIZATION_LEVEL = "-Owholemodule";
				VALIDATE_PRODUCT = YES;
			};
			name = Release;
		};
		58E1BFDE2064FD9000E1118E /* Debug */ = {
			isa = XCBuildConfiguration;
			buildSettings = {
				ASSETCATALOG_COMPILER_APPICON_NAME = AppIcon;
				CODE_SIGN_STYLE = Automatic;
				DEVELOPMENT_TEAM = KHFXF6N2QE;
				FRAMEWORK_SEARCH_PATHS = (
					"$(inherited)",
					"$(PROJECT_DIR)/Carthage/Build/iOS",
				);
				INFOPLIST_FILE = Locstagram/Info.plist;
				LD_RUNPATH_SEARCH_PATHS = "$(inherited) @executable_path/Frameworks";
				PRODUCT_BUNDLE_IDENTIFIER = me.junkpiano.universal.Locstagram;
				PRODUCT_NAME = "$(TARGET_NAME)";
				SWIFT_VERSION = 4.0;
				TARGETED_DEVICE_FAMILY = "1,2";
			};
			name = Debug;
		};
		58E1BFDF2064FD9000E1118E /* Release */ = {
			isa = XCBuildConfiguration;
			buildSettings = {
				ASSETCATALOG_COMPILER_APPICON_NAME = AppIcon;
				CODE_SIGN_STYLE = Automatic;
				DEVELOPMENT_TEAM = KHFXF6N2QE;
				FRAMEWORK_SEARCH_PATHS = (
					"$(inherited)",
					"$(PROJECT_DIR)/Carthage/Build/iOS",
				);
				INFOPLIST_FILE = Locstagram/Info.plist;
				LD_RUNPATH_SEARCH_PATHS = "$(inherited) @executable_path/Frameworks";
				PRODUCT_BUNDLE_IDENTIFIER = me.junkpiano.universal.Locstagram;
				PRODUCT_NAME = "$(TARGET_NAME)";
				SWIFT_VERSION = 4.0;
				TARGETED_DEVICE_FAMILY = "1,2";
			};
			name = Release;
		};
		58E1BFE12064FD9000E1118E /* Debug */ = {
			isa = XCBuildConfiguration;
			buildSettings = {
				ALWAYS_EMBED_SWIFT_STANDARD_LIBRARIES = YES;
				BUNDLE_LOADER = "$(TEST_HOST)";
				CODE_SIGN_STYLE = Automatic;
				DEVELOPMENT_TEAM = KHFXF6N2QE;
				INFOPLIST_FILE = LocstagramTests/Info.plist;
				LD_RUNPATH_SEARCH_PATHS = "$(inherited) @executable_path/Frameworks @loader_path/Frameworks";
				PRODUCT_BUNDLE_IDENTIFIER = me.junkpiano.universal.LocstagramTests;
				PRODUCT_NAME = "$(TARGET_NAME)";
				SWIFT_VERSION = 4.0;
				TARGETED_DEVICE_FAMILY = "1,2";
				TEST_HOST = "$(BUILT_PRODUCTS_DIR)/Locstagram.app/Locstagram";
			};
			name = Debug;
		};
		58E1BFE22064FD9000E1118E /* Release */ = {
			isa = XCBuildConfiguration;
			buildSettings = {
				ALWAYS_EMBED_SWIFT_STANDARD_LIBRARIES = YES;
				BUNDLE_LOADER = "$(TEST_HOST)";
				CODE_SIGN_STYLE = Automatic;
				DEVELOPMENT_TEAM = KHFXF6N2QE;
				INFOPLIST_FILE = LocstagramTests/Info.plist;
				LD_RUNPATH_SEARCH_PATHS = "$(inherited) @executable_path/Frameworks @loader_path/Frameworks";
				PRODUCT_BUNDLE_IDENTIFIER = me.junkpiano.universal.LocstagramTests;
				PRODUCT_NAME = "$(TARGET_NAME)";
				SWIFT_VERSION = 4.0;
				TARGETED_DEVICE_FAMILY = "1,2";
				TEST_HOST = "$(BUILT_PRODUCTS_DIR)/Locstagram.app/Locstagram";
			};
			name = Release;
		};
		58E1BFE42064FD9000E1118E /* Debug */ = {
			isa = XCBuildConfiguration;
			buildSettings = {
				ALWAYS_EMBED_SWIFT_STANDARD_LIBRARIES = YES;
				CODE_SIGN_STYLE = Automatic;
				DEVELOPMENT_TEAM = KHFXF6N2QE;
				INFOPLIST_FILE = LocstagramUITests/Info.plist;
				LD_RUNPATH_SEARCH_PATHS = "$(inherited) @executable_path/Frameworks @loader_path/Frameworks";
				PRODUCT_BUNDLE_IDENTIFIER = me.junkpiano.universal.LocstagramUITests;
				PRODUCT_NAME = "$(TARGET_NAME)";
				SWIFT_VERSION = 4.0;
				TARGETED_DEVICE_FAMILY = "1,2";
				TEST_TARGET_NAME = Locstagram;
			};
			name = Debug;
		};
		58E1BFE52064FD9000E1118E /* Release */ = {
			isa = XCBuildConfiguration;
			buildSettings = {
				ALWAYS_EMBED_SWIFT_STANDARD_LIBRARIES = YES;
				CODE_SIGN_STYLE = Automatic;
				DEVELOPMENT_TEAM = KHFXF6N2QE;
				INFOPLIST_FILE = LocstagramUITests/Info.plist;
				LD_RUNPATH_SEARCH_PATHS = "$(inherited) @executable_path/Frameworks @loader_path/Frameworks";
				PRODUCT_BUNDLE_IDENTIFIER = me.junkpiano.universal.LocstagramUITests;
				PRODUCT_NAME = "$(TARGET_NAME)";
				SWIFT_VERSION = 4.0;
				TARGETED_DEVICE_FAMILY = "1,2";
				TEST_TARGET_NAME = Locstagram;
			};
			name = Release;
		};
/* End XCBuildConfiguration section */

/* Begin XCConfigurationList section */
		58E1BFB02064FD9000E1118E /* Build configuration list for PBXProject "Locstagram" */ = {
			isa = XCConfigurationList;
			buildConfigurations = (
				58E1BFDB2064FD9000E1118E /* Debug */,
				58E1BFDC2064FD9000E1118E /* Release */,
			);
			defaultConfigurationIsVisible = 0;
			defaultConfigurationName = Release;
		};
		58E1BFDD2064FD9000E1118E /* Build configuration list for PBXNativeTarget "Locstagram" */ = {
			isa = XCConfigurationList;
			buildConfigurations = (
				58E1BFDE2064FD9000E1118E /* Debug */,
				58E1BFDF2064FD9000E1118E /* Release */,
			);
			defaultConfigurationIsVisible = 0;
			defaultConfigurationName = Release;
		};
		58E1BFE02064FD9000E1118E /* Build configuration list for PBXNativeTarget "LocstagramTests" */ = {
			isa = XCConfigurationList;
			buildConfigurations = (
				58E1BFE12064FD9000E1118E /* Debug */,
				58E1BFE22064FD9000E1118E /* Release */,
			);
			defaultConfigurationIsVisible = 0;
			defaultConfigurationName = Release;
		};
		58E1BFE32064FD9000E1118E /* Build configuration list for PBXNativeTarget "LocstagramUITests" */ = {
			isa = XCConfigurationList;
			buildConfigurations = (
				58E1BFE42064FD9000E1118E /* Debug */,
				58E1BFE52064FD9000E1118E /* Release */,
			);
			defaultConfigurationIsVisible = 0;
			defaultConfigurationName = Release;
		};
/* End XCConfigurationList section */
	};
	rootObject = 58E1BFAD2064FD9000E1118E /* Project object */;
}
